#MicroXplorer Configuration settings - do not modify
CORTEX_M7.AccessPermission-Cortex_Memory_Protection_Unit_Region0_Settings=MPU_REGION_FULL_ACCESS
CORTEX_M7.AccessPermission-Cortex_Memory_Protection_Unit_Region2_Settings=MPU_REGION_FULL_ACCESS
CORTEX_M7.AccessPermission-Cortex_Memory_Protection_Unit_Region3_Settings=MPU_REGION_FULL_ACCESS
CORTEX_M7.AccessPermission-Cortex_Memory_Protection_Unit_Region4_Settings=MPU_REGION_FULL_ACCESS
CORTEX_M7.AccessPermission-Cortex_Memory_Protection_Unit_Region5_Settings=MPU_REGION_FULL_ACCESS
CORTEX_M7.BaseAddress-Cortex_Memory_Protection_Unit_Region0_Settings=0x24000000
CORTEX_M7.BaseAddress-Cortex_Memory_Protection_Unit_Region2_Settings=0x30000000
CORTEX_M7.BaseAddress-Cortex_Memory_Protection_Unit_Region3_Settings=0x30020000
CORTEX_M7.BaseAddress-Cortex_Memory_Protection_Unit_Region4_Settings=0x30040000
CORTEX_M7.BaseAddress-Cortex_Memory_Protection_Unit_Region5_Settings=0x38000000
CORTEX_M7.CPU_DCache=Enabled
CORTEX_M7.CPU_ICache=Enabled
CORTEX_M7.DisableExec-Cortex_Memory_Protection_Unit_Region5_Settings=MPU_INSTRUCTION_ACCESS_ENABLE
CORTEX_M7.Enable-Cortex_Memory_Protection_Unit_Region0_Settings=MPU_REGION_ENABLE
CORTEX_M7.Enable-Cortex_Memory_Protection_Unit_Region2_Settings=MPU_REGION_ENABLE
CORTEX_M7.Enable-Cortex_Memory_Protection_Unit_Region3_Settings=MPU_REGION_ENABLE
CORTEX_M7.Enable-Cortex_Memory_Protection_Unit_Region4_Settings=MPU_REGION_ENABLE
CORTEX_M7.Enable-Cortex_Memory_Protection_Unit_Region5_Settings=MPU_REGION_ENABLE
CORTEX_M7.IPParameters=MPU_Control,Enable-Cortex_Memory_Protection_Unit_Region0_Settings,BaseAddress-Cortex_Memory_Protection_Unit_Region0_Settings,Size-Cortex_Memory_Protection_Unit_Region0_Settings,AccessPermission-Cortex_Memory_Protection_Unit_Region0_Settings,IsBufferable-Cortex_Memory_Protection_Unit_Region0_Settings,IsCacheable-Cortex_Memory_Protection_Unit_Region0_Settings,TypeExtField-Cortex_Memory_Protection_Unit_Region0_Settings,CPU_ICache,CPU_DCache,Enable-Cortex_Memory_Protection_Unit_Region2_Settings,BaseAddress-Cortex_Memory_Protection_Unit_Region2_Settings,Size-Cortex_Memory_Protection_Unit_Region2_Settings,AccessPermission-Cortex_Memory_Protection_Unit_Region2_Settings,Enable-Cortex_Memory_Protection_Unit_Region3_Settings,Enable-Cortex_Memory_Protection_Unit_Region4_Settings,Size-Cortex_Memory_Protection_Unit_Region3_Settings,IsCacheable-Cortex_Memory_Protection_Unit_Region3_Settings,BaseAddress-Cortex_Memory_Protection_Unit_Region3_Settings,AccessPermission-Cortex_Memory_Protection_Unit_Region3_Settings,Enable-Cortex_Memory_Protection_Unit_Region5_Settings,AccessPermission-Cortex_Memory_Protection_Unit_Region5_Settings,AccessPermission-Cortex_Memory_Protection_Unit_Region4_Settings,BaseAddress-Cortex_Memory_Protection_Unit_Region4_Settings,Size-Cortex_Memory_Protection_Unit_Region4_Settings,IsCacheable-Cortex_Memory_Protection_Unit_Region4_Settings,BaseAddress-Cortex_Memory_Protection_Unit_Region5_Settings,Size-Cortex_Memory_Protection_Unit_Region5_Settings,IsCacheable-Cortex_Memory_Protection_Unit_Region5_Settings,IsCacheable-Cortex_Memory_Protection_Unit_Region2_Settings,DisableExec-Cortex_Memory_Protection_Unit_Region5_Settings
CORTEX_M7.IsBufferable-Cortex_Memory_Protection_Unit_Region0_Settings=MPU_ACCESS_BUFFERABLE
CORTEX_M7.IsCacheable-Cortex_Memory_Protection_Unit_Region0_Settings=MPU_ACCESS_CACHEABLE
CORTEX_M7.IsCacheable-Cortex_Memory_Protection_Unit_Region2_Settings=MPU_ACCESS_NOT_CACHEABLE
CORTEX_M7.IsCacheable-Cortex_Memory_Protection_Unit_Region3_Settings=MPU_ACCESS_CACHEABLE
CORTEX_M7.IsCacheable-Cortex_Memory_Protection_Unit_Region4_Settings=MPU_ACCESS_CACHEABLE
CORTEX_M7.IsCacheable-Cortex_Memory_Protection_Unit_Region5_Settings=MPU_ACCESS_CACHEABLE
CORTEX_M7.MPU_Control=MPU_PRIVILEGED_DEFAULT
CORTEX_M7.Size-Cortex_Memory_Protection_Unit_Region0_Settings=MPU_REGION_SIZE_512KB
CORTEX_M7.Size-Cortex_Memory_Protection_Unit_Region2_Settings=MPU_REGION_SIZE_128KB
CORTEX_M7.Size-Cortex_Memory_Protection_Unit_Region3_Settings=MPU_REGION_SIZE_128KB
CORTEX_M7.Size-Cortex_Memory_Protection_Unit_Region4_Settings=MPU_REGION_SIZE_32KB
CORTEX_M7.Size-Cortex_Memory_Protection_Unit_Region5_Settings=MPU_REGION_SIZE_64KB
CORTEX_M7.TypeExtField-Cortex_Memory_Protection_Unit_Region0_Settings=MPU_TEX_LEVEL1
Dma.Request0=SPI2_RX
Dma.Request1=SPI2_TX
Dma.Request2=USART1_RX
Dma.Request3=USART1_TX
Dma.RequestsNb=4
Dma.SPI2_RX.0.Direction=DMA_PERIPH_TO_MEMORY
Dma.SPI2_RX.0.EventEnable=DISABLE
Dma.SPI2_RX.0.FIFOMode=DMA_FIFOMODE_DISABLE
Dma.SPI2_RX.0.Instance=DMA2_Stream0
Dma.SPI2_RX.0.MemDataAlignment=DMA_MDATAALIGN_BYTE
Dma.SPI2_RX.0.MemInc=DMA_MINC_ENABLE
Dma.SPI2_RX.0.Mode=DMA_NORMAL
Dma.SPI2_RX.0.PeriphDataAlignment=DMA_PDATAALIGN_BYTE
Dma.SPI2_RX.0.PeriphInc=DMA_PINC_DISABLE
Dma.SPI2_RX.0.Polarity=HAL_DMAMUX_REQ_GEN_RISING
Dma.SPI2_RX.0.Priority=DMA_PRIORITY_LOW
Dma.SPI2_RX.0.RequestNumber=1
Dma.SPI2_RX.0.RequestParameters=Instance,Direction,PeriphInc,MemInc,PeriphDataAlignment,MemDataAlignment,Mode,Priority,FIFOMode,SignalID,Polarity,RequestNumber,SyncSignalID,SyncPolarity,SyncEnable,EventEnable,SyncRequestNumber
Dma.SPI2_RX.0.SignalID=NONE
Dma.SPI2_RX.0.SyncEnable=DISABLE
Dma.SPI2_RX.0.SyncPolarity=HAL_DMAMUX_SYNC_NO_EVENT
Dma.SPI2_RX.0.SyncRequestNumber=1
Dma.SPI2_RX.0.SyncSignalID=NONE
Dma.SPI2_TX.1.Direction=DMA_MEMORY_TO_PERIPH
Dma.SPI2_TX.1.EventEnable=DISABLE
Dma.SPI2_TX.1.FIFOMode=DMA_FIFOMODE_DISABLE
Dma.SPI2_TX.1.Instance=DMA2_Stream1
Dma.SPI2_TX.1.MemDataAlignment=DMA_MDATAALIGN_BYTE
Dma.SPI2_TX.1.MemInc=DMA_MINC_ENABLE
Dma.SPI2_TX.1.Mode=DMA_NORMAL
Dma.SPI2_TX.1.PeriphDataAlignment=DMA_PDATAALIGN_BYTE
Dma.SPI2_TX.1.PeriphInc=DMA_PINC_DISABLE
Dma.SPI2_TX.1.Polarity=HAL_DMAMUX_REQ_GEN_RISING
Dma.SPI2_TX.1.Priority=DMA_PRIORITY_LOW
Dma.SPI2_TX.1.RequestNumber=1
Dma.SPI2_TX.1.RequestParameters=Instance,Direction,PeriphInc,MemInc,PeriphDataAlignment,MemDataAlignment,Mode,Priority,FIFOMode,SignalID,Polarity,RequestNumber,SyncSignalID,SyncPolarity,SyncEnable,EventEnable,SyncRequestNumber
Dma.SPI2_TX.1.SignalID=NONE
Dma.SPI2_TX.1.SyncEnable=DISABLE
Dma.SPI2_TX.1.SyncPolarity=HAL_DMAMUX_SYNC_NO_EVENT
Dma.SPI2_TX.1.SyncRequestNumber=1
Dma.SPI2_TX.1.SyncSignalID=NONE
Dma.USART1_RX.2.Direction=DMA_PERIPH_TO_MEMORY
Dma.USART1_RX.2.EventEnable=DISABLE
Dma.USART1_RX.2.FIFOMode=DMA_FIFOMODE_DISABLE
Dma.USART1_RX.2.Instance=DMA1_Stream0
Dma.USART1_RX.2.MemDataAlignment=DMA_MDATAALIGN_BYTE
Dma.USART1_RX.2.MemInc=DMA_MINC_ENABLE
Dma.USART1_RX.2.Mode=DMA_CIRCULAR
Dma.USART1_RX.2.PeriphDataAlignment=DMA_PDATAALIGN_BYTE
Dma.USART1_RX.2.PeriphInc=DMA_PINC_DISABLE
Dma.USART1_RX.2.Polarity=HAL_DMAMUX_REQ_GEN_RISING
Dma.USART1_RX.2.Priority=DMA_PRIORITY_HIGH
Dma.USART1_RX.2.RequestNumber=1
Dma.USART1_RX.2.RequestParameters=Instance,Direction,PeriphInc,MemInc,PeriphDataAlignment,MemDataAlignment,Mode,Priority,FIFOMode,SignalID,Polarity,RequestNumber,SyncSignalID,SyncPolarity,SyncEnable,EventEnable,SyncRequestNumber
Dma.USART1_RX.2.SignalID=NONE
Dma.USART1_RX.2.SyncEnable=DISABLE
Dma.USART1_RX.2.SyncPolarity=HAL_DMAMUX_SYNC_NO_EVENT
Dma.USART1_RX.2.SyncRequestNumber=1
Dma.USART1_RX.2.SyncSignalID=NONE
Dma.USART1_TX.3.Direction=DMA_MEMORY_TO_PERIPH
Dma.USART1_TX.3.EventEnable=DISABLE
Dma.USART1_TX.3.FIFOMode=DMA_FIFOMODE_DISABLE
Dma.USART1_TX.3.Instance=DMA1_Stream1
Dma.USART1_TX.3.MemDataAlignment=DMA_MDATAALIGN_BYTE
Dma.USART1_TX.3.MemInc=DMA_MINC_ENABLE
Dma.USART1_TX.3.Mode=DMA_NORMAL
Dma.USART1_TX.3.PeriphDataAlignment=DMA_PDATAALIGN_BYTE
Dma.USART1_TX.3.PeriphInc=DMA_PINC_DISABLE
Dma.USART1_TX.3.Polarity=HAL_DMAMUX_REQ_GEN_RISING
Dma.USART1_TX.3.Priority=DMA_PRIORITY_HIGH
Dma.USART1_TX.3.RequestNumber=1
Dma.USART1_TX.3.RequestParameters=Instance,Direction,PeriphInc,MemInc,PeriphDataAlignment,MemDataAlignment,Mode,Priority,FIFOMode,SignalID,Polarity,RequestNumber,SyncSignalID,SyncPolarity,SyncEnable,EventEnable,SyncRequestNumber
Dma.USART1_TX.3.SignalID=NONE
Dma.USART1_TX.3.SyncEnable=DISABLE
Dma.USART1_TX.3.SyncPolarity=HAL_DMAMUX_SYNC_NO_EVENT
Dma.USART1_TX.3.SyncRequestNumber=1
Dma.USART1_TX.3.SyncSignalID=NONE
File.Version=6
GPIO.groupedBy=Group By Peripherals
KeepUserPlacement=false
Mcu.CPN=STM32H750VBT6
Mcu.Family=STM32H7
Mcu.IP0=CORTEX_M7
Mcu.IP1=DEBUG
Mcu.IP2=DMA
Mcu.IP3=NVIC
Mcu.IP4=RCC
Mcu.IP5=SPI2
Mcu.IP6=SYS
Mcu.IP7=USART1
Mcu.IPNb=8
Mcu.Name=STM32H750VBTx
Mcu.Package=LQFP100
Mcu.Pin0=PC14-OSC32_IN (OSC32_IN)
Mcu.Pin1=PC15-OSC32_OUT (OSC32_OUT)
Mcu.Pin10=PB14
Mcu.Pin11=PB15
Mcu.Pin12=PC6
Mcu.Pin13=PC7
Mcu.Pin14=PC8
Mcu.Pin15=PC9
Mcu.Pin16=PA9
Mcu.Pin17=PA10
Mcu.Pin18=PA13 (JTMS/SWDIO)
Mcu.Pin19=PA14 (JTCK/SWCLK)
Mcu.Pin2=PH0-OSC_IN (PH0)
Mcu.Pin20=PE0
Mcu.Pin21=VP_SYS_VS_Systick
Mcu.Pin3=PH1-OSC_OUT (PH1)
Mcu.Pin4=PC1
Mcu.Pin5=PC3_C
Mcu.Pin6=PA0
Mcu.Pin7=PA1
Mcu.Pin8=PA2
Mcu.Pin9=PB13
Mcu.PinsNb=22
Mcu.ThirdPartyNb=0
Mcu.UserConstants=
Mcu.UserName=STM32H750VBTx
MxCube.Version=6.6.1
MxDb.Version=DB.6.0.60
NVIC.BusFault_IRQn=true\:0\:0\:false\:false\:true\:false\:false\:false
NVIC.DMA1_Stream0_IRQn=true\:1\:0\:true\:false\:true\:false\:true\:true
NVIC.DMA1_Stream1_IRQn=true\:1\:0\:true\:false\:true\:false\:true\:true
NVIC.DMA2_Stream0_IRQn=true\:1\:0\:true\:false\:true\:false\:true\:true
NVIC.DMA2_Stream1_IRQn=true\:1\:0\:true\:false\:true\:false\:true\:true
NVIC.DebugMonitor_IRQn=true\:0\:0\:false\:false\:true\:false\:false\:false
NVIC.EXTI9_5_IRQn=true\:5\:0\:true\:false\:true\:true\:true\:true
NVIC.ForceEnableDMAVector=true
NVIC.HardFault_IRQn=true\:0\:0\:false\:false\:true\:false\:false\:false
NVIC.MemoryManagement_IRQn=true\:0\:0\:false\:false\:true\:false\:false\:false
NVIC.NonMaskableInt_IRQn=true\:0\:0\:false\:false\:true\:false\:false\:false
NVIC.PendSV_IRQn=true\:0\:0\:false\:false\:true\:false\:false\:false
NVIC.PriorityGroup=NVIC_PRIORITYGROUP_4
NVIC.SPI2_IRQn=true\:0\:0\:false\:false\:true\:true\:true\:true
NVIC.SVCall_IRQn=true\:0\:0\:false\:false\:true\:false\:false\:false
NVIC.SysTick_IRQn=true\:0\:0\:true\:false\:true\:false\:true\:false
NVIC.USART1_IRQn=true\:1\:0\:true\:false\:true\:true\:true\:true
NVIC.UsageFault_IRQn=true\:0\:0\:false\:false\:true\:false\:false\:false
PA0.GPIOParameters=GPIO_PuPd,GPIO_Label
PA0.GPIO_Label=KEY_A
PA0.GPIO_PuPd=GPIO_PULLDOWN
PA0.Locked=true
PA0.Signal=GPIO_Input
PA1.GPIOParameters=GPIO_Speed,PinState,GPIO_Label
PA1.GPIO_Label=LRGB_R
PA1.GPIO_Speed=GPIO_SPEED_FREQ_VERY_HIGH
PA1.Locked=true
PA1.PinState=GPIO_PIN_SET
PA1.Signal=GPIO_Output
PA10.GPIOParameters=GPIO_Speed
PA10.GPIO_Speed=GPIO_SPEED_FREQ_VERY_HIGH
PA10.Locked=true
PA10.Mode=Asynchronous
PA10.Signal=USART1_RX
PA13\ (JTMS/SWDIO).Mode=Serial_Wire
PA13\ (JTMS/SWDIO).Signal=DEBUG_JTMS-SWDIO
PA14\ (JTCK/SWCLK).Mode=Serial_Wire
PA14\ (JTCK/SWCLK).Signal=DEBUG_JTCK-SWCLK
PA2.GPIOParameters=GPIO_PuPd,GPIO_Label
PA2.GPIO_Label=KEY_B
PA2.GPIO_PuPd=GPIO_PULLUP
PA2.Locked=true
PA2.Signal=GPIO_Input
PA9.GPIOParameters=GPIO_Speed
PA9.GPIO_Speed=GPIO_SPEED_FREQ_VERY_HIGH
PA9.Locked=true
PA9.Mode=Asynchronous
PA9.Signal=USART1_TX
PB13.GPIOParameters=GPIO_Speed
PB13.GPIO_Speed=GPIO_SPEED_FREQ_VERY_HIGH
PB13.Locked=true
PB13.Mode=Full_Duplex_Master
PB13.Signal=SPI2_SCK
PB14.GPIOParameters=GPIO_Speed
PB14.GPIO_Speed=GPIO_SPEED_FREQ_VERY_HIGH
PB14.Locked=true
PB14.Mode=Full_Duplex_Master
PB14.Signal=SPI2_MISO
PB15.GPIOParameters=GPIO_Speed
PB15.GPIO_Speed=GPIO_SPEED_FREQ_VERY_HIGH
PB15.Locked=true
PB15.Mode=Full_Duplex_Master
PB15.Signal=SPI2_MOSI
PC1.GPIOParameters=GPIO_Speed,PinState,GPIO_Label
PC1.GPIO_Label=LRGB_B
PC1.GPIO_Speed=GPIO_SPEED_FREQ_VERY_HIGH
PC1.Locked=true
PC1.PinState=GPIO_PIN_SET
PC1.Signal=GPIO_Output
PC14-OSC32_IN\ (OSC32_IN).Mode=LSE-External-Oscillator
PC14-OSC32_IN\ (OSC32_IN).Signal=RCC_OSC32_IN
PC15-OSC32_OUT\ (OSC32_OUT).Mode=LSE-External-Oscillator
PC15-OSC32_OUT\ (OSC32_OUT).Signal=RCC_OSC32_OUT
PC3_C.GPIOParameters=GPIO_Speed,PinState,GPIO_Label
PC3_C.GPIO_Label=LRGB_G
PC3_C.GPIO_Speed=GPIO_SPEED_FREQ_VERY_HIGH
PC3_C.Locked=true
PC3_C.PinState=GPIO_PIN_SET
PC3_C.Signal=GPIO_Output
PC6.GPIOParameters=GPIO_Label
PC6.GPIO_Label=GPIO_HANDSHAKE
PC6.Locked=true
PC6.Signal=GPXTI6
PC7.GPIOParameters=GPIO_Label
PC7.GPIO_Label=GPIO_DATA_READY
PC7.Locked=true
PC7.Signal=GPXTI7
PC8.GPIOParameters=GPIO_Speed,GPIO_PuPd,GPIO_Label
PC8.GPIO_Label=USR_SPI_CS
PC8.GPIO_PuPd=GPIO_PULLUP
PC8.GPIO_Speed=GPIO_SPEED_FREQ_VERY_HIGH
PC8.Locked=true
PC8.Signal=GPIO_Output
PC9.GPIOParameters=GPIO_Label
PC9.GPIO_Label=GPIO_RESET
PC9.Locked=true
PC9.Signal=GPIO_Output
PE0.GPIOParameters=GPIO_Speed,GPIO_Label
PE0.GPIO_Label=LPTIM_DMA_PWM
PE0.GPIO_Speed=GPIO_SPEED_FREQ_VERY_HIGH
PE0.Locked=true
PE0.Signal=GPIO_Output
PH0-OSC_IN\ (PH0).Mode=HSE-External-Oscillator
PH0-OSC_IN\ (PH0).Signal=RCC_OSC_IN
PH1-OSC_OUT\ (PH1).Mode=HSE-External-Oscillator
PH1-OSC_OUT\ (PH1).Signal=RCC_OSC_OUT
PinOutPanel.RotationAngle=0
ProjectManager.AskForMigrate=true
ProjectManager.BackupPrevious=false
ProjectManager.CompilerOptimize=6
ProjectManager.ComputerToolchain=false
ProjectManager.CoupleFile=true
ProjectManager.CustomerFirmwarePackage=
ProjectManager.DefaultFWLocation=true
ProjectManager.DeletePrevious=true
ProjectManager.DeviceId=STM32H750VBTx
ProjectManager.FirmwarePackage=STM32Cube FW_H7 V1.10.0
ProjectManager.FreePins=false
ProjectManager.HalAssertFull=false
ProjectManager.HeapSize=0x800
ProjectManager.KeepUserCode=true
ProjectManager.LastFirmware=true
ProjectManager.LibraryCopy=1
ProjectManager.MainLocation=Core/Src
ProjectManager.NoMain=false
ProjectManager.PreviousToolchain=STM32CubeIDE
ProjectManager.ProjectBuild=false
ProjectManager.ProjectFileName=H750VBT6_usart_rx_idle_line_irq_ringbuff_tx_02.ioc
ProjectManager.ProjectName=H750VBT6_usart_rx_idle_line_irq_ringbuff_tx_02
ProjectManager.RegisterCallBack=
ProjectManager.StackSize=0x1000
ProjectManager.TargetToolchain=STM32CubeIDE
ProjectManager.ToolChainLocation=
ProjectManager.UnderRoot=true
ProjectManager.functionlistsort=1-SystemClock_Config-RCC-false-LL-false,false-2-MX_GPIO_Init-GPIO-false-LL-true,3-MX_USART1_UART_Init-USART1-true-LL-true,4-MX_DMA_Init-DMA-true-LL-true,false-5-MX_SPI2_Init-SPI2-true-LL-true,0-MX_CORTEX_M7_Init-CORTEX_M7-false-LL-true
RCC.ADCCLockSelection=RCC_ADCCLKSOURCE_PLL2
RCC.ADCFreq_Value=160000000
RCC.AHB12Freq_Value=200000000
RCC.AHB4Freq_Value=200000000
RCC.APB1Freq_Value=100000000
RCC.APB2Freq_Value=100000000
RCC.APB3Freq_Value=100000000
RCC.APB4Freq_Value=100000000
RCC.AXIClockFreq_Value=200000000
RCC.CECCLockSelection=RCC_CECCLKSOURCE_LSI
RCC.CECFreq_Value=32000
RCC.CKPERFreq_Value=64000000
RCC.CKPERSourceSelection=RCC_CLKPSOURCE_HSI
RCC.CSI_VALUE=4000000
RCC.CortexFreq_Value=400000000
RCC.Cortex_Div=SYSTICK_CLKSOURCE_HCLK
RCC.Cortex_DivARG=SystemCoreClock/1000
RCC.CpuClockFreq_Value=400000000
RCC.D1CPRE=RCC_SYSCLK_DIV1
RCC.D1CPREFreq_Value=400000000
RCC.D1PPRE=RCC_APB3_DIV2
RCC.D2PPRE1=RCC_APB1_DIV2
RCC.D2PPRE2=RCC_APB2_DIV2
RCC.D3PPRE=RCC_APB4_DIV2
RCC.DFSDMACLkFreq_Value=400000000
RCC.DFSDMCLockSelection=RCC_DFSDM1CLKSOURCE_D2PCLK1
RCC.DFSDMFreq_Value=100000000
RCC.DIVM1=32
RCC.DIVM2=32
RCC.DIVM3=32
RCC.DIVN1=400
RCC.DIVN2=160
RCC.DIVN3=160
RCC.DIVP1=2
RCC.DIVP1Freq_Value=400000000
RCC.DIVP2Freq_Value=160000000
RCC.DIVP3=2
RCC.DIVP3Freq_Value=160000000
RCC.DIVQ1=2
RCC.DIVQ1Freq_Value=400000000
RCC.DIVQ2=2
RCC.DIVQ2Freq_Value=160000000
RCC.DIVQ3=2
RCC.DIVQ3Freq_Value=160000000
RCC.DIVR1=2
RCC.DIVR1Freq_Value=400000000
RCC.DIVR2=2
RCC.DIVR2Freq_Value=160000000
RCC.DIVR3=2
RCC.DIVR3Freq_Value=160000000
RCC.DSICLockSelection=RCC_DSICLKSOURCE_PHY
RCC.DSIFreq_Value=96000000
RCC.DSIPHYCLKFreq_Value=96000000
RCC.DSIPHY_Div=8
RCC.DSITXEscFreq_Value=20000000
RCC.DSITX_Div=4
RCC.DSI_PHY_VALUE=12288000
RCC.EXTERNAL_CLOCK_VALUE=12288000
RCC.FDCANCLockSelection=RCC_FDCANCLKSOURCE_PLL
RCC.FDCANFreq_Value=400000000
RCC.FMCCLockSelection=RCC_FMCCLKSOURCE_D1HCLK
RCC.FMCFreq_Value=200000000
RCC.FamilyName=M
RCC.HCLK3ClockFreq_Value=200000000
RCC.HCLKFreq_Value=200000000
RCC.HPRE=RCC_HCLK_DIV2
RCC.HRTIMFreq_Value=200000000
RCC.HSE_VALUE=25000000
RCC.HSIDiv=RCC_PLLSAIDIVR_1
RCC.HSI_VALUE=64000000
RCC.I2C123CLockSelection=RCC_I2C123CLKSOURCE_D2PCLK1
RCC.I2C123Freq_Value=100000000
RCC.I2C4CLockSelection=RCC_I2C4CLKSOURCE_D3PCLK1
RCC.I2C4Freq_Value=100000000
RCC.IPParameters=ADCCLockSelection,ADCFreq_Value,AHB12Freq_Value,AHB4Freq_Value,APB1Freq_Value,APB2Freq_Value,APB3Freq_Value,APB4Freq_Value,AXIClockFreq_Value,CECCLockSelection,CECFreq_Value,CKPERFreq_Value,CKPERSourceSelection,CSI_VALUE,CortexFreq_Value,Cortex_Div,Cortex_DivARG,CpuClockFreq_Value,D1CPRE,D1CPREFreq_Value,D1PPRE,D2PPRE1,D2PPRE2,D3PPRE,DFSDMACLkFreq_Value,DFSDMCLockSelection,DFSDMFreq_Value,DIVM1,DIVM2,DIVM3,DIVN1,DIVN2,DIVN3,DIVP1,DIVP1Freq_Value,DIVP2Freq_Value,DIVP3,DIVP3Freq_Value,DIVQ1,DIVQ1Freq_Value,DIVQ2,DIVQ2Freq_Value,DIVQ3,DIVQ3Freq_Value,DIVR1,DIVR1Freq_Value,DIVR2,DIVR2Freq_Value,DIVR3,DIVR3Freq_Value,DSICLockSelection,DSIFreq_Value,DSIPHYCLKFreq_Value,DSIPHY_Div,DSITXEscFreq_Value,DSITX_Div,DSI_PHY_VALUE,EXTERNAL_CLOCK_VALUE,FDCANCLockSelection,FDCANFreq_Value,FMCCLockSelection,FMCFreq_Value,FamilyName,HCLK3ClockFreq_Value,HCLKFreq_Value,HPRE,HRTIMFreq_Value,HSE_VALUE,HSIDiv,HSI_VALUE,I2C123CLockSelection,I2C123Freq_Value,I2C4CLockSelection,I2C4Freq_Value,LPTIM1CLockSelection,LPTIM1Freq_Value,LPTIM2CLockSelection,LPTIM2Freq_Value,LPTIM345CLockSelection,LPTIM345Freq_Value,LPUART1CLockSelection,LPUART1Freq_Value,LSI_VALUE,LTDCFreq_Value,MCO1PinFreq_Value,MCO2PinFreq_Value,PLL1_VCI_Range-AdvancedSettings,PLL1_VCO_SEL-AdvancedSettings,PLLDSIDev,PLLDSIFreq_Value,PLLDSIIDF,PLLDSIMult,PLLDSINDIV,PLLDSIODF,PLLDSIVCOFreq_Value,PLLSourceVirtual,QSPIFreq_Value,RC48_VALUE,RCC_MCO1Source,RCC_MCO2Source,RCC_MCODiv1,RCC_MCODiv2,RCC_RTC_Clock_Source_FROM_HSE,RNGCLockSelection,RNGFreq_Value,RTCFreq_Value,SAI1CLockSelection,SAI1Freq_Value,SAI23CLockSelection,SAI23Freq_Value,SAI4ACLockSelection,SAI4AFreq_Value,SAI4BCLockSelection,SAI4BFreq_Value,SDMMCFreq_Value,SPDIFCLockSelection,SPDIFRXFreq_Value,SPI123CLockSelection,SPI123Freq_Value,SPI45Freq_Value,SPI6CLockSelection,SPI6Freq_Value,SWPCLockSelection,SWPMI1Freq_Value,SYSCLKFreq_VALUE,SYSCLKSource,Spi45ClockSelection,Tim1OutputFreq_Value,Tim2OutputFreq_Value,TraceFreq_Value,USART16CLockSelection,USART16Freq_Value,USART234578CLockSelection,USART234578Freq_Value,USBCLockSelection,USBFreq_Value,VCO1OutputFreq_Value,VCO2OutputFreq_Value,VCO3OutputFreq_Value,VCOInput1Freq_Value,VCOInput2Freq_Value,VCOInput3Freq_Value,WatchDogFreq_Value
RCC.LPTIM1CLockSelection=RCC_LPTIM1CLKSOURCE_LSE
RCC.LPTIM1Freq_Value=32768
RCC.LPTIM2CLockSelection=RCC_LPTIM2CLKSOURCE_D3PCLK1
RCC.LPTIM2Freq_Value=100000000
RCC.LPTIM345CLockSelection=RCC_LPTIM345CLKSOURCE_D3PCLK1
RCC.LPTIM345Freq_Value=100000000
RCC.LPUART1CLockSelection=RCC_LPUART1CLKSOURCE_D3PCLK1
RCC.LPUART1Freq_Value=100000000
RCC.LSI_VALUE=32000
RCC.LTDCFreq_Value=160000000
RCC.MCO1PinFreq_Value=64000000
RCC.MCO2PinFreq_Value=400000000
RCC.PLL1_VCI_Range-AdvancedSettings=RCC_PLL1VCIRANGE_0
RCC.PLL1_VCO_SEL-AdvancedSettings=RCC_PLL1VCOWIDE
RCC.PLLDSIDev=2
RCC.PLLDSIFreq_Value=500000000
RCC.PLLDSIIDF=DSI_PLL_IN_DIV1
RCC.PLLDSIMult=2
RCC.PLLDSINDIV=20
RCC.PLLDSIODF=DSI_PLL_OUT_DIV1
RCC.PLLDSIVCOFreq_Value=500000000
RCC.PLLSourceVirtual=RCC_PLLSOURCE_HSI
RCC.QSPIFreq_Value=200000000
RCC.RC48_VALUE=48000000
RCC.RCC_MCO1Source=RCC_MCO1SOURCE_HSI
RCC.RCC_MCO2Source=RCC_MCO2SOURCE_SYSCLK
RCC.RCC_MCODiv1=RCC_MCODIV_1
RCC.RCC_MCODiv2=RCC_MCODIV_1
RCC.RCC_RTC_Clock_Source_FROM_HSE=RCC_RTCCLKSOURCE_HSE_DIV2
RCC.RNGCLockSelection=RCC_RNGCLKSOURCE_HSI48
RCC.RNGFreq_Value=48000000
RCC.RTCFreq_Value=32000
RCC.SAI1CLockSelection=RCC_SAI1CLKSOURCE_PLL
RCC.SAI1Freq_Value=400000000
RCC.SAI23CLockSelection=RCC_SAI23CLKSOURCE_PLL
RCC.SAI23Freq_Value=400000000
RCC.SAI4ACLockSelection=RCC_SAI4ACLKSOURCE_PLL
RCC.SAI4AFreq_Value=400000000
RCC.SAI4BCLockSelection=RCC_SAI4BCLKSOURCE_PLL
RCC.SAI4BFreq_Value=400000000
RCC.SDMMCFreq_Value=400000000
RCC.SPDIFCLockSelection=RCC_SPDIFRXCLKSOURCE_PLL
RCC.SPDIFRXFreq_Value=400000000
RCC.SPI123CLockSelection=RCC_SPI123CLKSOURCE_PLL2
RCC.SPI123Freq_Value=160000000
RCC.SPI45Freq_Value=100000000
RCC.SPI6CLockSelection=RCC_SPI6CLKSOURCE_D3PCLK1
RCC.SPI6Freq_Value=100000000
RCC.SWPCLockSelection=RCC_SWPMI1CLKSOURCE_D2PCLK1
RCC.SWPMI1Freq_Value=100000000
RCC.SYSCLKFreq_VALUE=400000000
RCC.SYSCLKSource=RCC_SYSCLKSOURCE_PLLCLK
RCC.Spi45ClockSelection=RCC_SPI45CLKSOURCE_D2PCLK1
RCC.Tim1OutputFreq_Value=200000000
RCC.Tim2OutputFreq_Value=200000000
RCC.TraceFreq_Value=400000000
RCC.USART16CLockSelection=RCC_USART16CLKSOURCE_D2PCLK2
RCC.USART16Freq_Value=100000000
RCC.USART234578CLockSelection=RCC_USART234578CLKSOURCE_D2PCLK1
RCC.USART234578Freq_Value=100000000
RCC.USBCLockSelection=RCC_USBCLKSOURCE_PLL
RCC.USBFreq_Value=400000000
RCC.VCO1OutputFreq_Value=800000000
RCC.VCO2OutputFreq_Value=320000000
RCC.VCO3OutputFreq_Value=320000000
RCC.VCOInput1Freq_Value=2000000
RCC.VCOInput2Freq_Value=2000000
RCC.VCOInput3Freq_Value=2000000
RCC.WatchDogFreq_Value=32000
SH.GPXTI6.0=GPIO_EXTI6
SH.GPXTI6.ConfNb=1
SH.GPXTI7.0=GPIO_EXTI7
SH.GPXTI7.ConfNb=1
SPI2.BaudRatePrescaler=SPI_BAUDRATEPRESCALER_4
SPI2.CLKPolarity=SPI_POLARITY_HIGH
SPI2.CalculateBaudRate=40.0 MBits/s
SPI2.DataSize=SPI_DATASIZE_8BIT
SPI2.Direction=SPI_DIRECTION_2LINES
SPI2.IPParameters=VirtualType,Mode,Direction,BaudRatePrescaler,CalculateBaudRate,CLKPolarity,DataSize
SPI2.Mode=SPI_MODE_MASTER
SPI2.VirtualType=VM_MASTER
USART1.BaudRate=115200
USART1.FIFOMode=FIFOMODE_ENABLE
USART1.IPParameters=VirtualMode-Asynchronous,BaudRate,TXFIFOThreshold,RXFIFOThreshold,FIFOMode
USART1.RXFIFOThreshold=RXFIFO_THRESHOLD_7EIGHTHFULL
USART1.TXFIFOThreshold=TXFIFO_THRESHOLD_7EIGHTHFULL
USART1.VirtualMode-Asynchronous=VM_ASYNC
VP_SYS_VS_Systick.Mode=SysTick
VP_SYS_VS_Systick.Signal=SYS_VS_Systick
board=custom
isbadioc=false
